
Microsoft Visual Studio Solution File, Format Version 12.00
# Visual Studio Version 17
VisualStudioVersion = 17.2.32630.192
MinimumVisualStudioVersion = 10.0.40219.1
Project("{9A19103F-16F7-4668-BE54-9A1E7A4F7556}") = "BlazorApp.Server", "BlazorApp.Server\BlazorApp.Server.csproj", "{BCDEB0BA-6C08-4382-BCD1-38C991B09A23}"
EndProject
Project("{9A19103F-16F7-4668-BE54-9A1E7A4F7556}") = "BlazorApp.Web", "BlazorApp.Web\BlazorApp.Web.csproj", "{50EBCE32-8447-47C5-A26A-8EEA7FD6F9F9}"
EndProject
Project("{9A19103F-16F7-4668-BE54-9A1E7A4F7556}") = "BlazorApp.Models", "BlazorApp.Models\BlazorApp.Models.csproj", "{F40E9255-739C-4A14-BDCC-7896A005DA6D}"
EndProject
Global
	GlobalSection(SolutionConfigurationPlatforms) = preSolution
		Debug|Any CPU = Debug|Any CPU
		Release|Any CPU = Release|Any CPU
	EndGlobalSection
	GlobalSection(ProjectConfigurationPlatforms) = postSolution
		{BCDEB0BA-6C08-4382-BCD1-38C991B09A23}.Debug|Any CPU.ActiveCfg = Debug|Any CPU
		{BCDEB0BA-6C08-4382-BCD1-38C991B09A23}.Debug|Any CPU.Build.0 = Debug|Any CPU
		{BCDEB0BA-6C08-4382-BCD1-38C991B09A23}.Release|Any CPU.ActiveCfg = Release|Any CPU
		{BCDEB0BA-6C08-4382-BCD1-38C991B09A23}.Release|Any CPU.Build.0 = Release|Any CPU
		{50EBCE32-8447-47C5-A26A-8EEA7FD6F9F9}.Debug|Any CPU.ActiveCfg = Debug|Any CPU
		{50EBCE32-8447-47C5-A26A-8EEA7FD6F9F9}.Debug|Any CPU.Build.0 = Debug|Any CPU
		{50EBCE32-8447-47C5-A26A-8EEA7FD6F9F9}.Release|Any CPU.ActiveCfg = Release|Any CPU
		{50EBCE32-8447-47C5-A26A-8EEA7FD6F9F9}.Release|Any CPU.Build.0 = Release|Any CPU
		{F40E9255-739C-4A14-BDCC-7896A005DA6D}.Debug|Any CPU.ActiveCfg = Debug|Any CPU
		{F40E9255-739C-4A14-BDCC-7896A005DA6D}.Debug|Any CPU.Build.0 = Debug|Any CPU
		{F40E9255-739C-4A14-BDCC-7896A005DA6D}.Release|Any CPU.ActiveCfg = Release|Any CPU
		{F40E9255-739C-4A14-BDCC-7896A005DA6D}.Release|Any CPU.Build.0 = Release|Any CPU
	EndGlobalSection
	GlobalSection(SolutionProperties) = preSolution
		HideSolutionNode = FALSE
	EndGlobalSection
	GlobalSection(ExtensibilityGlobals) = postSolution
		SolutionGuid = {3E9C0FAA-EA32-4539-A3C6-967DD2587C52}
	EndGlobalSection
EndGlobal
